
Microsoft Visual Studio Solution File, Format Version 12.00
# Visual Studio 15
VisualStudioVersion = 15.0.28010.2048
MinimumVisualStudioVersion = 10.0.40219.1
Project("{F184B08F-C81C-45F6-A57F-5ABD9991F28F}") = "BatallaNaval", "BatallaNaval\BatallaNaval.vbproj", "{240AB44C-73FF-43AF-87F9-F02B6A155311}"
EndProject
Global
	GlobalSection(SolutionConfigurationPlatforms) = preSolution
		Debug|Any CPU = Debug|Any CPU
		Release|Any CPU = Release|Any CPU
	EndGlobalSection
	GlobalSection(ProjectConfigurationPlatforms) = postSolution
		{240AB44C-73FF-43AF-87F9-F02B6A155311}.Debug|Any CPU.ActiveCfg = Debug|Any CPU
		{240AB44C-73FF-43AF-87F9-F02B6A155311}.Debug|Any CPU.Build.0 = Debug|Any CPU
		{240AB44C-73FF-43AF-87F9-F02B6A155311}.Release|Any CPU.ActiveCfg = Release|Any CPU
		{240AB44C-73FF-43AF-87F9-F02B6A155311}.Release|Any CPU.Build.0 = Release|Any CPU
	EndGlobalSection
	GlobalSection(SolutionProperties) = preSolution
		HideSolutionNode = FALSE
	EndGlobalSection
	GlobalSection(ExtensibilityGlobals) = postSolution
		SolutionGuid = {3CE1D08C-EB9A-4FFE-BABD-B67C38CD8637}
	EndGlobalSection
EndGlobal
